dependencies:
  espressif/mdns:
    component_hash: 9ff9c578fc3a5ea3c68e807233e47f2ce6b2492a92d7a9356ae5c29ab45f0fde
    source:
      service_url: https://api.components.espressif.com/
      type: service
    version: 1.3.0
  idf:
    component_hash: null
    source:
      type: idf
    version: 5.2.1
  protocol_examples_common:
    component_hash: null
    source:
      path: C:\Users\Robin\esp\esp-idf\examples\common_components\protocol_examples_common
      type: local
    version: '*'
manifest_hash: 44afceefd03d60b3c81eb0b7356eaa1f452e91a66727dfb9271db3ed3a1f019c
target: esp32
version: 1.0.0
